Microsoft Visual Studio Solution File, Format Version 12.00
# Visual Studio 15
VisualStudioVersion = 15.0.27004.2009
MinimumVisualStudioVersion = 10.0.40219.1
Project("{FAE04EC0-301F-11D3-BF4B-00C04F79EFBC}") = "MathLang", "MathLang.csproj", "{043EF514-440A-4527-BF6A-0681EB349FA9}"
EndProject
Project("{FAE04EC0-301F-11D3-BF4B-00C04F79EFBC}") = "BrainfuckTranspiler", "BrainfuckTranspiler\BrainfuckTranspiler.csproj", "{661EC7CF-FA37-46F4-8757-0EF18999F53E}"
EndProject
Global
	GlobalSection(SolutionConfigurationPlatforms) = preSolution
		Debug|Any CPU = Debug|Any CPU
		Release|Any CPU = Release|Any CPU
	EndGlobalSection
	GlobalSection(ProjectConfigurationPlatforms) = postSolution
		{043EF514-440A-4527-BF6A-0681EB349FA9}.Debug|Any CPU.ActiveCfg = Debug|Any CPU
		{043EF514-440A-4527-BF6A-0681EB349FA9}.Debug|Any CPU.Build.0 = Debug|Any CPU
		{043EF514-440A-4527-BF6A-0681EB349FA9}.Release|Any CPU.ActiveCfg = Release|Any CPU
		{043EF514-440A-4527-BF6A-0681EB349FA9}.Release|Any CPU.Build.0 = Release|Any CPU
		{661EC7CF-FA37-46F4-8757-0EF18999F53E}.Debug|Any CPU.ActiveCfg = Debug|Any CPU
		{661EC7CF-FA37-46F4-8757-0EF18999F53E}.Debug|Any CPU.Build.0 = Debug|Any CPU
		{661EC7CF-FA37-46F4-8757-0EF18999F53E}.Release|Any CPU.ActiveCfg = Release|Any CPU
		{661EC7CF-FA37-46F4-8757-0EF18999F53E}.Release|Any CPU.Build.0 = Release|Any CPU
	EndGlobalSection
	GlobalSection(SolutionProperties) = preSolution
		HideSolutionNode = FALSE
	EndGlobalSection
	GlobalSection(ExtensibilityGlobals) = postSolution
		SolutionGuid = {9B5356D4-CA08-4161-AFBC-32A9F74D8EA7}
	EndGlobalSection
EndGlobal
